
Microsoft Visual Studio Solution File, Format Version 12.00
# Visual Studio Version 16
VisualStudioVersion = 16.0.29911.84
MinimumVisualStudioVersion = 10.0.40219.1
Project("{FAE04EC0-301F-11D3-BF4B-00C04F79EFBC}") = "MechAffinity", "MechAffinity\MechAffinity.csproj", "{3CA926A5-79B7-44C0-B38A-2E49E31AEEC3}"
EndProject
Global
	GlobalSection(SolutionConfigurationPlatforms) = preSolution
		Debug|Any CPU = Debug|Any CPU
		Release|Any CPU = Release|Any CPU
		ReleaseNoCS|Any CPU = ReleaseNoCS|Any CPU
		ReleaseNoLT|Any CPU = ReleaseNoLT|Any CPU
	EndGlobalSection
	GlobalSection(ProjectConfigurationPlatforms) = postSolution
		{3CA926A5-79B7-44C0-B38A-2E49E31AEEC3}.Debug|Any CPU.ActiveCfg = Debug|Any CPU
		{3CA926A5-79B7-44C0-B38A-2E49E31AEEC3}.Debug|Any CPU.Build.0 = Debug|Any CPU
		{3CA926A5-79B7-44C0-B38A-2E49E31AEEC3}.Release|Any CPU.ActiveCfg = Release|Any CPU
		{3CA926A5-79B7-44C0-B38A-2E49E31AEEC3}.Release|Any CPU.Build.0 = Release|Any CPU
		{3CA926A5-79B7-44C0-B38A-2E49E31AEEC3}.ReleaseNoCS|Any CPU.ActiveCfg = ReleaseNoCS|Any CPU
		{3CA926A5-79B7-44C0-B38A-2E49E31AEEC3}.ReleaseNoCS|Any CPU.Build.0 = ReleaseNoCS|Any CPU
		{3CA926A5-79B7-44C0-B38A-2E49E31AEEC3}.ReleaseNoLT|Any CPU.ActiveCfg = ReleaseNoLT|Any CPU
		{3CA926A5-79B7-44C0-B38A-2E49E31AEEC3}.ReleaseNoLT|Any CPU.Build.0 = ReleaseNoLT|Any CPU
	EndGlobalSection
	GlobalSection(SolutionProperties) = preSolution
		HideSolutionNode = FALSE
	EndGlobalSection
	GlobalSection(ExtensibilityGlobals) = postSolution
		SolutionGuid = {9602186C-027D-4205-B621-DF075BFA623B}
	EndGlobalSection
EndGlobal
